
Terraform used the selected providers to generate the following execution
plan. Resource actions are indicated with the following symbols:
  [32m+[0m create[0m

Terraform will perform the following actions:

[1m  # module.cost.aws_s3_bucket.log_bucket[0m will be created
[0m  [32m+[0m[0m resource "aws_s3_bucket" "log_bucket" {
      [32m+[0m[0m acceleration_status         = (known after apply)
      [32m+[0m[0m acl                         = (known after apply)
      [32m+[0m[0m arn                         = (known after apply)
      [32m+[0m[0m bucket                      = "alexflux-audit-logs-026600053230"
      [32m+[0m[0m bucket_domain_name          = (known after apply)
      [32m+[0m[0m bucket_prefix               = (known after apply)
      [32m+[0m[0m bucket_regional_domain_name = (known after apply)
      [32m+[0m[0m force_destroy               = false
      [32m+[0m[0m hosted_zone_id              = (known after apply)
      [32m+[0m[0m id                          = (known after apply)
      [32m+[0m[0m object_lock_enabled         = (known after apply)
      [32m+[0m[0m policy                      = (known after apply)
      [32m+[0m[0m region                      = (known after apply)
      [32m+[0m[0m request_payer               = (known after apply)
      [32m+[0m[0m tags                        = {
          [32m+[0m[0m "Description" = "Audit logs bucket for CloudTrail, GuardDuty, and CloudWatch Logs"
          [32m+[0m[0m "Environment" = "production"
          [32m+[0m[0m "LogType"     = "audit"
          [32m+[0m[0m "ManagedBy"   = "terraform"
          [32m+[0m[0m "Name"        = "alexflux-audit-logs-026600053230"
          [32m+[0m[0m "Owner"       = "alexflux"
          [32m+[0m[0m "Project"     = "openarena"
        }
      [32m+[0m[0m tags_all                    = {
          [32m+[0m[0m "Description" = "Audit logs bucket for CloudTrail, GuardDuty, and CloudWatch Logs"
          [32m+[0m[0m "Environment" = "production"
          [32m+[0m[0m "LogType"     = "audit"
          [32m+[0m[0m "ManagedBy"   = "terraform"
          [32m+[0m[0m "Name"        = "alexflux-audit-logs-026600053230"
          [32m+[0m[0m "Owner"       = "alexflux"
          [32m+[0m[0m "Project"     = "openarena"
        }
      [32m+[0m[0m website_domain              = (known after apply)
      [32m+[0m[0m website_endpoint            = (known after apply)

      [32m+[0m[0m cors_rule (known after apply)

      [32m+[0m[0m grant (known after apply)

      [32m+[0m[0m lifecycle_rule (known after apply)

      [32m+[0m[0m logging (known after apply)

      [32m+[0m[0m object_lock_configuration (known after apply)

      [32m+[0m[0m replication_configuration (known after apply)

      [32m+[0m[0m server_side_encryption_configuration (known after apply)

      [32m+[0m[0m versioning (known after apply)

      [32m+[0m[0m website (known after apply)
    }

[1mPlan:[0m 1 to add, 0 to change, 0 to destroy.
[0m[33m╷[0m[0m
[33m│[0m [0m[1m[33mWarning: [0m[0m[1mResource targeting is in effect[0m
[33m│[0m [0m
[33m│[0m [0m[0mYou are creating a plan with the -target option, which means that the result of this plan may not represent all
[33m│[0m [0mof the changes requested by the current configuration.
[33m│[0m [0m
[33m│[0m [0mThe -target option is not for routine use, and is provided only for exceptional situations such as recovering
[33m│[0m [0mfrom errors or mistakes, or when Terraform specifically suggests to use it as part of an error message.
[33m╵[0m[0m
[90m
─────────────────────────────────────────────────────────────────────────────[0m

Saved the plan to: tfplan_module.cost.aws_s3_bucket.log_bucket.out

To perform exactly these actions, run the following command to apply:
    terraform apply "tfplan_module.cost.aws_s3_bucket.log_bucket.out"
